
Microsoft Visual Studio Solution File, Format Version 12.00
# Visual Studio 2012
Project("{FAE04EC0-301F-11D3-BF4B-00C04F79EFBC}") = "Hadi-Hotel", "Hadi-Hotel\Hadi-Hotel.csproj", "{7D44FA1E-1EB5-4702-9A25-900151B02F82}"
EndProject
Global
	GlobalSection(SolutionConfigurationPlatforms) = preSolution
		Debug|Any CPU = Debug|Any CPU
		Release|Any CPU = Release|Any CPU
	EndGlobalSection
	GlobalSection(ProjectConfigurationPlatforms) = postSolution
		{7D44FA1E-1EB5-4702-9A25-900151B02F82}.Debug|Any CPU.ActiveCfg = Debug|Any CPU
		{7D44FA1E-1EB5-4702-9A25-900151B02F82}.Debug|Any CPU.Build.0 = Debug|Any CPU
		{7D44FA1E-1EB5-4702-9A25-900151B02F82}.Release|Any CPU.ActiveCfg = Release|Any CPU
		{7D44FA1E-1EB5-4702-9A25-900151B02F82}.Release|Any CPU.Build.0 = Release|Any CPU
	EndGlobalSection
	GlobalSection(SolutionProperties) = preSolution
		HideSolutionNode = FALSE
	EndGlobalSection
EndGlobal
